
Microsoft Visual Studio Solution File, Format Version 12.00
# Visual Studio 15
VisualStudioVersion = 15.0.28010.2036
MinimumVisualStudioVersion = 10.0.40219.1
Project("{9A19103F-16F7-4668-BE54-9A1E7A4F7556}") = "Framework", "Framework\Framework.csproj", "{66E4BDCC-A017-48E7-AF4E-E2587459BA6E}"
EndProject
Project("{FAE04EC0-301F-11D3-BF4B-00C04F79EFBC}") = "MQApplication.WebApi", "MQApplication.WebApi\MQApplication.WebApi.csproj", "{223FD9EC-6A46-4D34-BA72-9FCBDB97D460}"
EndProject
Global
	GlobalSection(SolutionConfigurationPlatforms) = preSolution
		Debug|Any CPU = Debug|Any CPU
		Release|Any CPU = Release|Any CPU
	EndGlobalSection
	GlobalSection(ProjectConfigurationPlatforms) = postSolution
		{66E4BDCC-A017-48E7-AF4E-E2587459BA6E}.Debug|Any CPU.ActiveCfg = Debug|Any CPU
		{66E4BDCC-A017-48E7-AF4E-E2587459BA6E}.Debug|Any CPU.Build.0 = Debug|Any CPU
		{66E4BDCC-A017-48E7-AF4E-E2587459BA6E}.Release|Any CPU.ActiveCfg = Release|Any CPU
		{66E4BDCC-A017-48E7-AF4E-E2587459BA6E}.Release|Any CPU.Build.0 = Release|Any CPU
		{223FD9EC-6A46-4D34-BA72-9FCBDB97D460}.Debug|Any CPU.ActiveCfg = Debug|Any CPU
		{223FD9EC-6A46-4D34-BA72-9FCBDB97D460}.Debug|Any CPU.Build.0 = Debug|Any CPU
		{223FD9EC-6A46-4D34-BA72-9FCBDB97D460}.Release|Any CPU.ActiveCfg = Release|Any CPU
		{223FD9EC-6A46-4D34-BA72-9FCBDB97D460}.Release|Any CPU.Build.0 = Release|Any CPU
	EndGlobalSection
	GlobalSection(SolutionProperties) = preSolution
		HideSolutionNode = FALSE
	EndGlobalSection
	GlobalSection(ExtensibilityGlobals) = postSolution
		SolutionGuid = {C905A205-4B92-4BE7-A014-39E5CA007688}
	EndGlobalSection
EndGlobal
